
Microsoft Visual Studio Solution File, Format Version 12.00
# Visual Studio Version 17
VisualStudioVersion = 17.0.31710.8
MinimumVisualStudioVersion = 10.0.40219.1
Project("{FAE04EC0-301F-11D3-BF4B-00C04F79EFBC}") = "BoxBlur_CodeSignal_Arcade", "BoxBlur_CodeSignal_Arcade\BoxBlur_CodeSignal_Arcade.csproj", "{00F17E3E-93D6-45A0-B744-76D0DA2D9943}"
EndProject
Global
	GlobalSection(SolutionConfigurationPlatforms) = preSolution
		Debug|Any CPU = Debug|Any CPU
		Release|Any CPU = Release|Any CPU
	EndGlobalSection
	GlobalSection(ProjectConfigurationPlatforms) = postSolution
		{00F17E3E-93D6-45A0-B744-76D0DA2D9943}.Debug|Any CPU.ActiveCfg = Debug|Any CPU
		{00F17E3E-93D6-45A0-B744-76D0DA2D9943}.Debug|Any CPU.Build.0 = Debug|Any CPU
		{00F17E3E-93D6-45A0-B744-76D0DA2D9943}.Release|Any CPU.ActiveCfg = Release|Any CPU
		{00F17E3E-93D6-45A0-B744-76D0DA2D9943}.Release|Any CPU.Build.0 = Release|Any CPU
	EndGlobalSection
	GlobalSection(SolutionProperties) = preSolution
		HideSolutionNode = FALSE
	EndGlobalSection
	GlobalSection(ExtensibilityGlobals) = postSolution
		SolutionGuid = {5CE0186C-DA4F-4E85-8C8D-6E786E54E520}
	EndGlobalSection
EndGlobal
